
Microsoft Visual Studio Solution File, Format Version 12.00
# Visual Studio Version 17
VisualStudioVersion = 17.14.36221.1
MinimumVisualStudioVersion = 10.0.40219.1
Project("{2150E333-8FDC-42A3-9474-1A3956D46DE8}") = "Solution Items", "Solution Items", "{8EC462FD-D22E-90A8-E5CE-7E832BA40C5D}"
	ProjectSection(SolutionItems) = preProject
		LICENSE.md = LICENSE.md
		README.md = README.md
		docs\TOOLS.md = docs\TOOLS.md
	EndProjectSection
EndProject
Project("{FAE04EC0-301F-11D3-BF4B-00C04F79EFBC}") = "DaemonsMCP.Domain", "..\..\Prototype\DDDPattern\server\DaemonsMCP.Domain\DaemonsMCP.Domain.csproj", "{26400902-E8B7-62BB-4C4C-DC7FD214BB4C}"
EndProject
Project("{FAE04EC0-301F-11D3-BF4B-00C04F79EFBC}") = "DaemonsMCP.Application", "..\..\Prototype\DDDPattern\server\DaemonsMCP.Application\DaemonsMCP.Application.csproj", "{FCDC3176-A3E8-111F-DB80-A5DD47176B06}"
EndProject
Project("{FAE04EC0-301F-11D3-BF4B-00C04F79EFBC}") = "DaemonsMCP.Infrastructure", "..\..\Prototype\DDDPattern\server\DaemonsMCP.Infrastructure\DaemonsMCP.Infrastructure.csproj", "{3BCEEE82-A527-7263-BC8E-1F3520A55A46}"
EndProject
Project("{FAE04EC0-301F-11D3-BF4B-00C04F79EFBC}") = "DaemonsMCP.Api", "..\..\Prototype\DDDPattern\server\DaemonsMCP.Api\DaemonsMCP.Api.csproj", "{6A29DB25-50EB-F819-47C2-62EA1EB9E823}"
EndProject
Project("{FAE04EC0-301F-11D3-BF4B-00C04F79EFBC}") = "DaemonsMCP", "server\DaemonsMCP\DaemonsMCP.csproj", "{0479DD8D-EAED-A9EF-C9A7-5BD29BBBDAF2}"
EndProject
Global
	GlobalSection(SolutionConfigurationPlatforms) = preSolution
		Debug|Any CPU = Debug|Any CPU
		Release|Any CPU = Release|Any CPU
	EndGlobalSection
	GlobalSection(ProjectConfigurationPlatforms) = postSolution
		{26400902-E8B7-62BB-4C4C-DC7FD214BB4C}.Debug|Any CPU.ActiveCfg = Debug|Any CPU
		{26400902-E8B7-62BB-4C4C-DC7FD214BB4C}.Debug|Any CPU.Build.0 = Debug|Any CPU
		{26400902-E8B7-62BB-4C4C-DC7FD214BB4C}.Release|Any CPU.ActiveCfg = Release|Any CPU
		{26400902-E8B7-62BB-4C4C-DC7FD214BB4C}.Release|Any CPU.Build.0 = Release|Any CPU
		{FCDC3176-A3E8-111F-DB80-A5DD47176B06}.Debug|Any CPU.ActiveCfg = Debug|Any CPU
		{FCDC3176-A3E8-111F-DB80-A5DD47176B06}.Debug|Any CPU.Build.0 = Debug|Any CPU
		{FCDC3176-A3E8-111F-DB80-A5DD47176B06}.Release|Any CPU.ActiveCfg = Release|Any CPU
		{FCDC3176-A3E8-111F-DB80-A5DD47176B06}.Release|Any CPU.Build.0 = Release|Any CPU
		{3BCEEE82-A527-7263-BC8E-1F3520A55A46}.Debug|Any CPU.ActiveCfg = Debug|Any CPU
		{3BCEEE82-A527-7263-BC8E-1F3520A55A46}.Debug|Any CPU.Build.0 = Debug|Any CPU
		{3BCEEE82-A527-7263-BC8E-1F3520A55A46}.Release|Any CPU.ActiveCfg = Release|Any CPU
		{3BCEEE82-A527-7263-BC8E-1F3520A55A46}.Release|Any CPU.Build.0 = Release|Any CPU
		{6A29DB25-50EB-F819-47C2-62EA1EB9E823}.Debug|Any CPU.ActiveCfg = Debug|Any CPU
		{6A29DB25-50EB-F819-47C2-62EA1EB9E823}.Debug|Any CPU.Build.0 = Debug|Any CPU
		{6A29DB25-50EB-F819-47C2-62EA1EB9E823}.Release|Any CPU.ActiveCfg = Release|Any CPU
		{6A29DB25-50EB-F819-47C2-62EA1EB9E823}.Release|Any CPU.Build.0 = Release|Any CPU
		{0479DD8D-EAED-A9EF-C9A7-5BD29BBBDAF2}.Debug|Any CPU.ActiveCfg = Debug|Any CPU
		{0479DD8D-EAED-A9EF-C9A7-5BD29BBBDAF2}.Debug|Any CPU.Build.0 = Debug|Any CPU
		{0479DD8D-EAED-A9EF-C9A7-5BD29BBBDAF2}.Release|Any CPU.ActiveCfg = Release|Any CPU
		{0479DD8D-EAED-A9EF-C9A7-5BD29BBBDAF2}.Release|Any CPU.Build.0 = Release|Any CPU
	EndGlobalSection
	GlobalSection(SolutionProperties) = preSolution
		HideSolutionNode = FALSE
	EndGlobalSection
	GlobalSection(ExtensibilityGlobals) = postSolution
		SolutionGuid = {078625E8-0A2F-4DD2-A41C-AB25F6160A9B}
	EndGlobalSection
EndGlobal
